{
  "name": "meshledger",
  "version": "1.0.0",
  "lockfileVersion": 3,
  "requires": true,
  "packages": {
    "": {
      "name": "meshledger",
      "version": "1.0.0",
      "license": "ISC",
      "dependencies": {
        "@meshledger/sdk": "^0.1.1"
      }
    },
    "node_modules/@meshledger/sdk": {
      "version": "0.1.1",
      "resolved": "https://registry.npmjs.org/@meshledger/sdk/-/sdk-0.1.1.tgz",
      "integrity": "sha512-4by8wJxHJsh8V+5RBAJGRfctZZliCNcL04uxx9LRX68bNrcTHP4aDQ6GzXIBu1QaN3lQcBAtPeeNg65L1f7cLA==",
      "license": "MIT"
    }
  }
}
